
Microsoft Visual Studio Solution File, Format Version 12.00
# Visual Studio Version 17
VisualStudioVersion = 17.3.32929.385
MinimumVisualStudioVersion = 10.0.40219.1
Project("{FAE04EC0-301F-11D3-BF4B-00C04F79EFBC}") = "SummertimeSunshine API", "SummertimeSunshine API\SummertimeSunshine API.csproj", "{44E15208-75AE-4269-B4F9-7B8D5E9EC4C9}"
EndProject
Global
	GlobalSection(SolutionConfigurationPlatforms) = preSolution
		Debug|Any CPU = Debug|Any CPU
		Release|Any CPU = Release|Any CPU
	EndGlobalSection
	GlobalSection(ProjectConfigurationPlatforms) = postSolution
		{44E15208-75AE-4269-B4F9-7B8D5E9EC4C9}.Debug|Any CPU.ActiveCfg = Debug|Any CPU
		{44E15208-75AE-4269-B4F9-7B8D5E9EC4C9}.Debug|Any CPU.Build.0 = Debug|Any CPU
		{44E15208-75AE-4269-B4F9-7B8D5E9EC4C9}.Release|Any CPU.ActiveCfg = Release|Any CPU
		{44E15208-75AE-4269-B4F9-7B8D5E9EC4C9}.Release|Any CPU.Build.0 = Release|Any CPU
	EndGlobalSection
	GlobalSection(SolutionProperties) = preSolution
		HideSolutionNode = FALSE
	EndGlobalSection
	GlobalSection(ExtensibilityGlobals) = postSolution
		SolutionGuid = {6404FD8D-729C-4659-8AF4-7525D358F40D}
	EndGlobalSection
EndGlobal
